{
  "name": "@webpart/stat",
  "version": "0.1.0",
  "lockfileVersion": 1,
  "requires": true,
  "dependencies": {
    "@definejs/directory": {
      "version": "0.1.5",
      "resolved": "https://registry.npmjs.org/@definejs/directory/-/directory-0.1.5.tgz",
      "integrity": "sha512-jbAM0GzA3v602iYlb4tpNhS1M47vr1LOoEopTY0+v1fKrl8kYiSZomztYQHclvgqtZgVZGef9GcAMmViC0+HXg==",
      "requires": {
        "@definejs/file": "^0.1.0"
      }
    },
    "@definejs/file": {
      "version": "0.1.8",
      "resolved": "https://registry.npmjs.org/@definejs/file/-/file-0.1.8.tgz",
      "integrity": "sha512-SHnj26V87XE+LV0vKQYKjWygX4VYcbKc1PL5ZUhHtB1mryORYZ9wCaKajtVMv/g+ZWcTUJIA8fvtZ7olYlVNFQ==",
      "requires": {
        "@definejs/directory": "^0.1.0",
        "@definejs/object": "^1.0.6",
        "colors": "^1.4.0",
        "iconv-lite": "^0.6.2"
      }
    },
    "@definejs/fn": {
      "version": "0.1.4",
      "resolved": "https://registry.npmjs.org/@definejs/fn/-/fn-0.1.4.tgz",
      "integrity": "sha512-DlnYkUvXTz7spB4teIAzvaeCUng+g5n4+zHAJSKLzixsxczt7oPQcNtn4qt9+xKGWqAnn1y6iB8kZObNUQb9BQ==",
      "requires": {
        "@definejs/math": "^0.1.2"
      }
    },
    "@definejs/math": {
      "version": "0.1.5",
      "resolved": "https://registry.npmjs.org/@definejs/math/-/math-0.1.5.tgz",
      "integrity": "sha512-PwYLoadrhSS66PpylmfJyCFaFKjhqi8DD1VmU6JZGB4x1KJld2+djY4G2hplq4YG7fTSHxE8Df61zEUQeDOl7g=="
    },
    "@definejs/object": {
      "version": "1.0.6",
      "resolved": "https://registry.npmjs.org/@definejs/object/-/object-1.0.6.tgz",
      "integrity": "sha512-nbpnPuxq0YF7gZT+Ki4Rujq77SDVoipibH+96aNMrpTxd/LBGBfi1HOWbiaf11BTdMd0L3giLrpXPCNfTTIYkA=="
    },
    "@definejs/patterns": {
      "version": "0.1.2",
      "resolved": "https://registry.npmjs.org/@definejs/patterns/-/patterns-0.1.2.tgz",
      "integrity": "sha512-GBygksKwcLFsTHSLHWNhkO1pdyFBzCfliN9te8lpcUt3vxStXsaB99fKnqsOW1rq4H/1oGq2rtkWfio7uyM4Sg==",
      "requires": {
        "@definejs/directory": "^0.1.1",
        "minimatch": "^3.0.4"
      }
    },
    "@definejs/string": {
      "version": "0.1.6",
      "resolved": "https://registry.npmjs.org/@definejs/string/-/string-0.1.6.tgz",
      "integrity": "sha512-sPGecA7IV8MSUSTljNm2iMLH8SEh/SygRUdGyeEnW6ZKx1kNKWSyTho2jFihEgBhmyHuhmwuhsdyOs1VtcdLxw=="
    },
    "@definejs/tree": {
      "version": "0.1.10",
      "resolved": "https://registry.npmjs.org/@definejs/tree/-/tree-0.1.10.tgz",
      "integrity": "sha512-YQxoaZraYRaFj/tz3G9Rd1PqWRbix9SwT6f6U7WNAesUeLPuxhqxIf9Bfc1WPiKM9xtlnw7oxxShpe3yYy3pCA==",
      "requires": {
        "@definejs/object": "^1.0.6"
      }
    },
    "balanced-match": {
      "version": "1.0.0",
      "resolved": "https://registry.npmjs.org/balanced-match/-/balanced-match-1.0.0.tgz",
      "integrity": "sha1-ibTRmasr7kneFk6gK4nORi1xt2c="
    },
    "brace-expansion": {
      "version": "1.1.11",
      "resolved": "https://registry.npmjs.org/brace-expansion/-/brace-expansion-1.1.11.tgz",
      "integrity": "sha512-iCuPHDFgrHX7H2vEI/5xpz07zSHB00TpugqhmYtVmMO6518mCuRMoOYFldEBl0g187ufozdaHgWKcYFb61qGiA==",
      "requires": {
        "balanced-match": "^1.0.0",
        "concat-map": "0.0.1"
      }
    },
    "colors": {
      "version": "1.4.0",
      "resolved": "https://registry.npmjs.org/colors/-/colors-1.4.0.tgz",
      "integrity": "sha512-a+UqTh4kgZg/SlGvfbzDHpgRu7AAQOmmqRHJnxhRZICKFUT91brVhNNt58CMWU9PsBbv3PDCZUHbVxuDiH2mtA=="
    },
    "concat-map": {
      "version": "0.0.1",
      "resolved": "https://registry.npmjs.org/concat-map/-/concat-map-0.0.1.tgz",
      "integrity": "sha1-2Klr13/Wjfd5OnMDajug1UBdR3s="
    },
    "iconv-lite": {
      "version": "0.6.2",
      "resolved": "https://registry.npmjs.org/iconv-lite/-/iconv-lite-0.6.2.tgz",
      "integrity": "sha512-2y91h5OpQlolefMPmUlivelittSWy0rP+oYVpn6A7GwVHNE8AWzoYOBNmlwks3LobaJxgHCYZAnyNo2GgpNRNQ==",
      "requires": {
        "safer-buffer": ">= 2.1.2 < 3.0.0"
      }
    },
    "jschardet": {
      "version": "2.2.1",
      "resolved": "https://registry.npmjs.org/jschardet/-/jschardet-2.2.1.tgz",
      "integrity": "sha512-Ks2JNuUJoc7PGaZ7bVFtSEvOcr0rBq6Q1J5/7+zKWLT+g+4zziL63O0jg7y2jxhzIa1LVsHUbPXrbaWmz9iwDw=="
    },
    "minimatch": {
      "version": "3.0.4",
      "resolved": "https://registry.npmjs.org/minimatch/-/minimatch-3.0.4.tgz",
      "integrity": "sha512-yJHVQEhyqPLUTgt9B83PXu6W3rx4MvvHvSUvToogpwoGDOUQ+yDrR0HRot+yOCdCO7u4hX3pWft6kWBBcqh0UA==",
      "requires": {
        "brace-expansion": "^1.1.7"
      }
    },
    "safer-buffer": {
      "version": "2.1.2",
      "resolved": "https://registry.npmjs.org/safer-buffer/-/safer-buffer-2.1.2.tgz",
      "integrity": "sha512-YZo3K82SD7Riyi0E1EQPojLz7kpepnSQI9IyPbHHg1XXXevb5dJI7tpyN2ADxGcQbHG7vcyRHk0cbwqcQriUtg=="
    }
  }
}
